id: wifigpu_gpu_channelizer
label: Polyphase Channelizer
category: '[WIFIGPU]'

parameters:
-   id: nchans
    label: Channels
    dtype: int
    default: '1'
    hide: part
-   id: taps
    label: Taps
    dtype: real_vector

inputs:
-   domain: stream
    dtype: complex

outputs:
-   domain: stream
    dtype: complex
    multiplicity: ${ nchans }

templates:
    make: |-
        wifigpu.gpu_channelizer(
            ${nchans},
            ${taps})

file_format: 1
