id: wifigpu_sync_short
label: sync short
category: '[WIFIGPU]'
templates:
  imports: import wifigpu
  make: wifigpu.sync_short(${threshold}, ${min_plateau})
parameters:
- id: threshold
  label: Threshold
  dtype: float
- id: min_plateau
  label: Min_plateau
  dtype: int
inputs:
- label: in
  domain: stream
  dtype: complex
- label: abs
  domain: stream
  dtype: complex
- label: cor
  domain: stream
  dtype: float
outputs:
- label: out
  domain: stream
  dtype: complex
# - label: plateau
#   domain: stream
#   dtype: byte
# - label: accum
#   domain: stream
#   dtype: byte
file_format: 1
