id: wifigpu_tp_decode_mac
label: tp decode mac
category: "[WIFIGPU]"
templates:
  imports: import wifigpu
  make: wifigpu.tp_decode_mac(${num_threads}, ${queue_depth}, ${log}, ${debug})
parameters:
  - id: num_threads
    label: Num_threads
    dtype: int
  - id: queue_depth
    label: Queue_depth
    dtype: int
  - id: log
    label: Log
    dtype: bool
    default: "False"
    options: ["True", "False"]
    option_labels: [Enable, Disable]
  - id: debug
    label: Debug
    dtype: bool
    default: "False"
    options: ["True", "False"]
    option_labels: [Enable, Disable]

file_format: 1
