id: wifigpu_presync
label: presync
category: '[WIFIGPU]'
templates:
  imports: import wifigpu
  make: wifigpu.presync()
inputs:
- label: in
  domain: stream
  dtype: complex
outputs:
- label: out
  domain: stream
  dtype: complex
- label: abs
  domain: stream
  dtype: complex
- label: cor
  domain: stream
  dtype: float
file_format: 1
